
Microsoft Visual Studio Solution File, Format Version 12.00
# Visual Studio Version 17
VisualStudioVersion = 17.0.31903.59
MinimumVisualStudioVersion = 10.0.40219.1
Project("{2150E333-8FDC-42A3-9474-1A3956D46DE8}") = "src", "src", "{827E0CD3-B72D-47B6-A68D-7590B98EB39B}"
EndProject
Project("{FAE04EC0-301F-11D3-BF4B-00C04F79EFBC}") = "SnookerPoint.Domain", "src\SnookerPoint.Domain\SnookerPoint.Domain.csproj", "{5B1E092F-4127-4C47-A504-DDC6D7308483}"
EndProject
Project("{FAE04EC0-301F-11D3-BF4B-00C04F79EFBC}") = "SnookerPoint.Application", "src\SnookerPoint.Application\SnookerPoint.Application.csproj", "{0D2A7754-CB46-4C16-BA57-6E1C19A79AB8}"
EndProject
Project("{FAE04EC0-301F-11D3-BF4B-00C04F79EFBC}") = "SnookerPoint.Infrastructure", "src\SnookerPoint.Infrastructure\SnookerPoint.Infrastructure.csproj", "{7003FA59-F1A7-4A39-BCB2-E287568BB946}"
EndProject
Project("{FAE04EC0-301F-11D3-BF4B-00C04F79EFBC}") = "SnookerPoint.Licensing", "src\SnookerPoint.Licensing\SnookerPoint.Licensing.csproj", "{CA966689-0DA4-47F3-BF8A-479004932A91}"
EndProject
Project("{FAE04EC0-301F-11D3-BF4B-00C04F79EFBC}") = "SnookerPoint.App", "src\SnookerPoint.App\SnookerPoint.App.csproj", "{52355843-6454-48C3-9C42-6DCDE1B5A2FA}"
EndProject
Project("{2150E333-8FDC-42A3-9474-1A3956D46DE8}") = "tests", "tests", "{0AB3BF05-4346-4AA6-1389-037BE0695223}"
EndProject
Project("{FAE04EC0-301F-11D3-BF4B-00C04F79EFBC}") = "SnookerPoint.Tests", "tests\SnookerPoint.Tests\SnookerPoint.Tests.csproj", "{1E27CB65-69F2-4FA4-BA9F-49089D4E8B1D}"
EndProject
Project("{2150E333-8FDC-42A3-9474-1A3956D46DE8}") = "tools", "tools", "{07C2787E-EAC7-C090-1BA3-A61EC2A24D84}"
EndProject
Project("{FAE04EC0-301F-11D3-BF4B-00C04F79EFBC}") = "SnookerPoint.LicenceIssuer", "tools\SnookerPoint.LicenceIssuer\SnookerPoint.LicenceIssuer.csproj", "{C65E605E-E1D3-4548-AA44-D4E9922A4F58}"
EndProject
Project("{FAE04EC0-301F-11D3-BF4B-00C04F79EFBC}") = "SnookerPoint.LicenceManager", "tools\SnookerPoint.LicenceManager\SnookerPoint.LicenceManager.csproj", "{741F3369-EC58-495C-9F95-6555F555FFA7}"
EndProject
Global
	GlobalSection(SolutionConfigurationPlatforms) = preSolution
		Debug|Any CPU = Debug|Any CPU
		Debug|x64 = Debug|x64
		Debug|x86 = Debug|x86
		Release|Any CPU = Release|Any CPU
		Release|x64 = Release|x64
		Release|x86 = Release|x86
	EndGlobalSection
	GlobalSection(ProjectConfigurationPlatforms) = postSolution
		{5B1E092F-4127-4C47-A504-DDC6D7308483}.Debug|Any CPU.ActiveCfg = Debug|Any CPU
		{5B1E092F-4127-4C47-A504-DDC6D7308483}.Debug|Any CPU.Build.0 = Debug|Any CPU
		{5B1E092F-4127-4C47-A504-DDC6D7308483}.Debug|x64.ActiveCfg = Debug|Any CPU
		{5B1E092F-4127-4C47-A504-DDC6D7308483}.Debug|x64.Build.0 = Debug|Any CPU
		{5B1E092F-4127-4C47-A504-DDC6D7308483}.Debug|x86.ActiveCfg = Debug|Any CPU
		{5B1E092F-4127-4C47-A504-DDC6D7308483}.Debug|x86.Build.0 = Debug|Any CPU
		{5B1E092F-4127-4C47-A504-DDC6D7308483}.Release|Any CPU.ActiveCfg = Release|Any CPU
		{5B1E092F-4127-4C47-A504-DDC6D7308483}.Release|Any CPU.Build.0 = Release|Any CPU
		{5B1E092F-4127-4C47-A504-DDC6D7308483}.Release|x64.ActiveCfg = Release|Any CPU
		{5B1E092F-4127-4C47-A504-DDC6D7308483}.Release|x64.Build.0 = Release|Any CPU
		{5B1E092F-4127-4C47-A504-DDC6D7308483}.Release|x86.ActiveCfg = Release|Any CPU
		{5B1E092F-4127-4C47-A504-DDC6D7308483}.Release|x86.Build.0 = Release|Any CPU
		{0D2A7754-CB46-4C16-BA57-6E1C19A79AB8}.Debug|Any CPU.ActiveCfg = Debug|Any CPU
		{0D2A7754-CB46-4C16-BA57-6E1C19A79AB8}.Debug|Any CPU.Build.0 = Debug|Any CPU
		{0D2A7754-CB46-4C16-BA57-6E1C19A79AB8}.Debug|x64.ActiveCfg = Debug|Any CPU
		{0D2A7754-CB46-4C16-BA57-6E1C19A79AB8}.Debug|x64.Build.0 = Debug|Any CPU
		{0D2A7754-CB46-4C16-BA57-6E1C19A79AB8}.Debug|x86.ActiveCfg = Debug|Any CPU
		{0D2A7754-CB46-4C16-BA57-6E1C19A79AB8}.Debug|x86.Build.0 = Debug|Any CPU
		{0D2A7754-CB46-4C16-BA57-6E1C19A79AB8}.Release|Any CPU.ActiveCfg = Release|Any CPU
		{0D2A7754-CB46-4C16-BA57-6E1C19A79AB8}.Release|Any CPU.Build.0 = Release|Any CPU
		{0D2A7754-CB46-4C16-BA57-6E1C19A79AB8}.Release|x64.ActiveCfg = Release|Any CPU
		{0D2A7754-CB46-4C16-BA57-6E1C19A79AB8}.Release|x64.Build.0 = Release|Any CPU
		{0D2A7754-CB46-4C16-BA57-6E1C19A79AB8}.Release|x86.ActiveCfg = Release|Any CPU
		{0D2A7754-CB46-4C16-BA57-6E1C19A79AB8}.Release|x86.Build.0 = Release|Any CPU
		{7003FA59-F1A7-4A39-BCB2-E287568BB946}.Debug|Any CPU.ActiveCfg = Debug|Any CPU
		{7003FA59-F1A7-4A39-BCB2-E287568BB946}.Debug|Any CPU.Build.0 = Debug|Any CPU
		{7003FA59-F1A7-4A39-BCB2-E287568BB946}.Debug|x64.ActiveCfg = Debug|Any CPU
		{7003FA59-F1A7-4A39-BCB2-E287568BB946}.Debug|x64.Build.0 = Debug|Any CPU
		{7003FA59-F1A7-4A39-BCB2-E287568BB946}.Debug|x86.ActiveCfg = Debug|Any CPU
		{7003FA59-F1A7-4A39-BCB2-E287568BB946}.Debug|x86.Build.0 = Debug|Any CPU
		{7003FA59-F1A7-4A39-BCB2-E287568BB946}.Release|Any CPU.ActiveCfg = Release|Any CPU
		{7003FA59-F1A7-4A39-BCB2-E287568BB946}.Release|Any CPU.Build.0 = Release|Any CPU
		{7003FA59-F1A7-4A39-BCB2-E287568BB946}.Release|x64.ActiveCfg = Release|Any CPU
		{7003FA59-F1A7-4A39-BCB2-E287568BB946}.Release|x64.Build.0 = Release|Any CPU
		{7003FA59-F1A7-4A39-BCB2-E287568BB946}.Release|x86.ActiveCfg = Release|Any CPU
		{7003FA59-F1A7-4A39-BCB2-E287568BB946}.Release|x86.Build.0 = Release|Any CPU
		{CA966689-0DA4-47F3-BF8A-479004932A91}.Debug|Any CPU.ActiveCfg = Debug|Any CPU
		{CA966689-0DA4-47F3-BF8A-479004932A91}.Debug|Any CPU.Build.0 = Debug|Any CPU
		{CA966689-0DA4-47F3-BF8A-479004932A91}.Debug|x64.ActiveCfg = Debug|Any CPU
		{CA966689-0DA4-47F3-BF8A-479004932A91}.Debug|x64.Build.0 = Debug|Any CPU
		{CA966689-0DA4-47F3-BF8A-479004932A91}.Debug|x86.ActiveCfg = Debug|Any CPU
		{CA966689-0DA4-47F3-BF8A-479004932A91}.Debug|x86.Build.0 = Debug|Any CPU
		{CA966689-0DA4-47F3-BF8A-479004932A91}.Release|Any CPU.ActiveCfg = Release|Any CPU
		{CA966689-0DA4-47F3-BF8A-479004932A91}.Release|Any CPU.Build.0 = Release|Any CPU
		{CA966689-0DA4-47F3-BF8A-479004932A91}.Release|x64.ActiveCfg = Release|Any CPU
		{CA966689-0DA4-47F3-BF8A-479004932A91}.Release|x64.Build.0 = Release|Any CPU
		{CA966689-0DA4-47F3-BF8A-479004932A91}.Release|x86.ActiveCfg = Release|Any CPU
		{CA966689-0DA4-47F3-BF8A-479004932A91}.Release|x86.Build.0 = Release|Any CPU
		{52355843-6454-48C3-9C42-6DCDE1B5A2FA}.Debug|Any CPU.ActiveCfg = Debug|Any CPU
		{52355843-6454-48C3-9C42-6DCDE1B5A2FA}.Debug|Any CPU.Build.0 = Debug|Any CPU
		{52355843-6454-48C3-9C42-6DCDE1B5A2FA}.Debug|x64.ActiveCfg = Debug|Any CPU
		{52355843-6454-48C3-9C42-6DCDE1B5A2FA}.Debug|x64.Build.0 = Debug|Any CPU
		{52355843-6454-48C3-9C42-6DCDE1B5A2FA}.Debug|x86.ActiveCfg = Debug|Any CPU
		{52355843-6454-48C3-9C42-6DCDE1B5A2FA}.Debug|x86.Build.0 = Debug|Any CPU
		{52355843-6454-48C3-9C42-6DCDE1B5A2FA}.Release|Any CPU.ActiveCfg = Release|Any CPU
		{52355843-6454-48C3-9C42-6DCDE1B5A2FA}.Release|Any CPU.Build.0 = Release|Any CPU
		{52355843-6454-48C3-9C42-6DCDE1B5A2FA}.Release|x64.ActiveCfg = Release|Any CPU
		{52355843-6454-48C3-9C42-6DCDE1B5A2FA}.Release|x64.Build.0 = Release|Any CPU
		{52355843-6454-48C3-9C42-6DCDE1B5A2FA}.Release|x86.ActiveCfg = Release|Any CPU
		{52355843-6454-48C3-9C42-6DCDE1B5A2FA}.Release|x86.Build.0 = Release|Any CPU
		{1E27CB65-69F2-4FA4-BA9F-49089D4E8B1D}.Debug|Any CPU.ActiveCfg = Debug|Any CPU
		{1E27CB65-69F2-4FA4-BA9F-49089D4E8B1D}.Debug|Any CPU.Build.0 = Debug|Any CPU
		{1E27CB65-69F2-4FA4-BA9F-49089D4E8B1D}.Debug|x64.ActiveCfg = Debug|Any CPU
		{1E27CB65-69F2-4FA4-BA9F-49089D4E8B1D}.Debug|x64.Build.0 = Debug|Any CPU
		{1E27CB65-69F2-4FA4-BA9F-49089D4E8B1D}.Debug|x86.ActiveCfg = Debug|Any CPU
		{1E27CB65-69F2-4FA4-BA9F-49089D4E8B1D}.Debug|x86.Build.0 = Debug|Any CPU
		{1E27CB65-69F2-4FA4-BA9F-49089D4E8B1D}.Release|Any CPU.ActiveCfg = Release|Any CPU
		{1E27CB65-69F2-4FA4-BA9F-49089D4E8B1D}.Release|Any CPU.Build.0 = Release|Any CPU
		{1E27CB65-69F2-4FA4-BA9F-49089D4E8B1D}.Release|x64.ActiveCfg = Release|Any CPU
		{1E27CB65-69F2-4FA4-BA9F-49089D4E8B1D}.Release|x64.Build.0 = Release|Any CPU
		{1E27CB65-69F2-4FA4-BA9F-49089D4E8B1D}.Release|x86.ActiveCfg = Release|Any CPU
		{1E27CB65-69F2-4FA4-BA9F-49089D4E8B1D}.Release|x86.Build.0 = Release|Any CPU
		{C65E605E-E1D3-4548-AA44-D4E9922A4F58}.Debug|Any CPU.ActiveCfg = Debug|Any CPU
		{C65E605E-E1D3-4548-AA44-D4E9922A4F58}.Debug|Any CPU.Build.0 = Debug|Any CPU
		{C65E605E-E1D3-4548-AA44-D4E9922A4F58}.Debug|x64.ActiveCfg = Debug|Any CPU
		{C65E605E-E1D3-4548-AA44-D4E9922A4F58}.Debug|x64.Build.0 = Debug|Any CPU
		{C65E605E-E1D3-4548-AA44-D4E9922A4F58}.Debug|x86.ActiveCfg = Debug|Any CPU
		{C65E605E-E1D3-4548-AA44-D4E9922A4F58}.Debug|x86.Build.0 = Debug|Any CPU
		{C65E605E-E1D3-4548-AA44-D4E9922A4F58}.Release|Any CPU.ActiveCfg = Release|Any CPU
		{C65E605E-E1D3-4548-AA44-D4E9922A4F58}.Release|Any CPU.Build.0 = Release|Any CPU
		{C65E605E-E1D3-4548-AA44-D4E9922A4F58}.Release|x64.ActiveCfg = Release|Any CPU
		{C65E605E-E1D3-4548-AA44-D4E9922A4F58}.Release|x64.Build.0 = Release|Any CPU
		{C65E605E-E1D3-4548-AA44-D4E9922A4F58}.Release|x86.ActiveCfg = Release|Any CPU
		{C65E605E-E1D3-4548-AA44-D4E9922A4F58}.Release|x86.Build.0 = Release|Any CPU
		{741F3369-EC58-495C-9F95-6555F555FFA7}.Debug|Any CPU.ActiveCfg = Debug|Any CPU
		{741F3369-EC58-495C-9F95-6555F555FFA7}.Debug|Any CPU.Build.0 = Debug|Any CPU
		{741F3369-EC58-495C-9F95-6555F555FFA7}.Debug|x64.ActiveCfg = Debug|Any CPU
		{741F3369-EC58-495C-9F95-6555F555FFA7}.Debug|x64.Build.0 = Debug|Any CPU
		{741F3369-EC58-495C-9F95-6555F555FFA7}.Debug|x86.ActiveCfg = Debug|Any CPU
		{741F3369-EC58-495C-9F95-6555F555FFA7}.Debug|x86.Build.0 = Debug|Any CPU
		{741F3369-EC58-495C-9F95-6555F555FFA7}.Release|Any CPU.ActiveCfg = Release|Any CPU
		{741F3369-EC58-495C-9F95-6555F555FFA7}.Release|Any CPU.Build.0 = Release|Any CPU
		{741F3369-EC58-495C-9F95-6555F555FFA7}.Release|x64.ActiveCfg = Release|Any CPU
		{741F3369-EC58-495C-9F95-6555F555FFA7}.Release|x64.Build.0 = Release|Any CPU
		{741F3369-EC58-495C-9F95-6555F555FFA7}.Release|x86.ActiveCfg = Release|Any CPU
		{741F3369-EC58-495C-9F95-6555F555FFA7}.Release|x86.Build.0 = Release|Any CPU
	EndGlobalSection
	GlobalSection(SolutionProperties) = preSolution
		HideSolutionNode = FALSE
	EndGlobalSection
	GlobalSection(NestedProjects) = preSolution
		{5B1E092F-4127-4C47-A504-DDC6D7308483} = {827E0CD3-B72D-47B6-A68D-7590B98EB39B}
		{0D2A7754-CB46-4C16-BA57-6E1C19A79AB8} = {827E0CD3-B72D-47B6-A68D-7590B98EB39B}
		{7003FA59-F1A7-4A39-BCB2-E287568BB946} = {827E0CD3-B72D-47B6-A68D-7590B98EB39B}
		{CA966689-0DA4-47F3-BF8A-479004932A91} = {827E0CD3-B72D-47B6-A68D-7590B98EB39B}
		{52355843-6454-48C3-9C42-6DCDE1B5A2FA} = {827E0CD3-B72D-47B6-A68D-7590B98EB39B}
		{1E27CB65-69F2-4FA4-BA9F-49089D4E8B1D} = {0AB3BF05-4346-4AA6-1389-037BE0695223}
		{C65E605E-E1D3-4548-AA44-D4E9922A4F58} = {07C2787E-EAC7-C090-1BA3-A61EC2A24D84}
		{741F3369-EC58-495C-9F95-6555F555FFA7} = {07C2787E-EAC7-C090-1BA3-A61EC2A24D84}
	EndGlobalSection
EndGlobal
